{
  "lockfileVersion": 1,
  "workspaces": {
    "": {
      "name": "kostar-utils",
      "devDependencies": {
        "@biomejs/biome": "^1.9.4",
        "@types/bun": "^1.2.9",
        "bunup": "^0.4.15",
        "typescript": "^5.8.3",
      },
    },
    "packages/rest-client": {
      "name": "@silver-utils/rest-client",
      "version": "0.1.1",
      "devDependencies": {
        "@silver-utils/tag-cache": "*:workspace",
      },
    },
    "packages/tag-cache": {
      "name": "@silver-utils/tag-cache",
      "version": "0.1.1",
    },
    "playground": {
      "name": "playground",
      "dependencies": {
        "@silver-utils/rest-client": "*:workspace",
        "zod": "^4.0.0-beta.20250414T061543",
      },
      "devDependencies": {
        "@types/bun": "latest",
      },
      "peerDependencies": {
        "typescript": "^5",
      },
    },
  },
  "packages": {
    "@biomejs/biome": ["@biomejs/biome@1.9.4", "", { "optionalDependencies": { "@biomejs/cli-darwin-arm64": "1.9.4", "@biomejs/cli-darwin-x64": "1.9.4", "@biomejs/cli-linux-arm64": "1.9.4", "@biomejs/cli-linux-arm64-musl": "1.9.4", "@biomejs/cli-linux-x64": "1.9.4", "@biomejs/cli-linux-x64-musl": "1.9.4", "@biomejs/cli-win32-arm64": "1.9.4", "@biomejs/cli-win32-x64": "1.9.4" }, "bin": { "biome": "bin/biome" } }, "sha512-1rkd7G70+o9KkTn5KLmDYXihGoTaIGO9PIIN2ZB7UJxFrWw04CZHPYiMRjYsaDvVV7hP1dYNRLxSANLaBFGpog=="],

    "@biomejs/cli-darwin-arm64": ["@biomejs/cli-darwin-arm64@1.9.4", "", { "os": "darwin", "cpu": "arm64" }, "sha512-bFBsPWrNvkdKrNCYeAp+xo2HecOGPAy9WyNyB/jKnnedgzl4W4Hb9ZMzYNbf8dMCGmUdSavlYHiR01QaYR58cw=="],

    "@biomejs/cli-darwin-x64": ["@biomejs/cli-darwin-x64@1.9.4", "", { "os": "darwin", "cpu": "x64" }, "sha512-ngYBh/+bEedqkSevPVhLP4QfVPCpb+4BBe2p7Xs32dBgs7rh9nY2AIYUL6BgLw1JVXV8GlpKmb/hNiuIxfPfZg=="],

    "@biomejs/cli-linux-arm64": ["@biomejs/cli-linux-arm64@1.9.4", "", { "os": "linux", "cpu": "arm64" }, "sha512-fJIW0+LYujdjUgJJuwesP4EjIBl/N/TcOX3IvIHJQNsAqvV2CHIogsmA94BPG6jZATS4Hi+xv4SkBBQSt1N4/g=="],

    "@biomejs/cli-linux-arm64-musl": ["@biomejs/cli-linux-arm64-musl@1.9.4", "", { "os": "linux", "cpu": "arm64" }, "sha512-v665Ct9WCRjGa8+kTr0CzApU0+XXtRgwmzIf1SeKSGAv+2scAlW6JR5PMFo6FzqqZ64Po79cKODKf3/AAmECqA=="],

    "@biomejs/cli-linux-x64": ["@biomejs/cli-linux-x64@1.9.4", "", { "os": "linux", "cpu": "x64" }, "sha512-lRCJv/Vi3Vlwmbd6K+oQ0KhLHMAysN8lXoCI7XeHlxaajk06u7G+UsFSO01NAs5iYuWKmVZjmiOzJ0OJmGsMwg=="],

    "@biomejs/cli-linux-x64-musl": ["@biomejs/cli-linux-x64-musl@1.9.4", "", { "os": "linux", "cpu": "x64" }, "sha512-gEhi/jSBhZ2m6wjV530Yy8+fNqG8PAinM3oV7CyO+6c3CEh16Eizm21uHVsyVBEB6RIM8JHIl6AGYCv6Q6Q9Tg=="],

    "@biomejs/cli-win32-arm64": ["@biomejs/cli-win32-arm64@1.9.4", "", { "os": "win32", "cpu": "arm64" }, "sha512-tlbhLk+WXZmgwoIKwHIHEBZUwxml7bRJgk0X2sPyNR3S93cdRq6XulAZRQJ17FYGGzWne0fgrXBKpl7l4M87Hg=="],

    "@biomejs/cli-win32-x64": ["@biomejs/cli-win32-x64@1.9.4", "", { "os": "win32", "cpu": "x64" }, "sha512-8Y5wMhVIPaWe6jw2H+KlEm4wP/f7EW3810ZLmDlrEEy5KvBsb9ECEfu/kMWD484ijfQ8+nIi0giMgu9g1UAuuA=="],

    "@emnapi/core": ["@emnapi/core@1.4.1", "", { "dependencies": { "@emnapi/wasi-threads": "1.0.1", "tslib": "^2.4.0" } }, "sha512-4JFstCTaToCFrPqrGzgkF8N2NHjtsaY4uRh6brZQ5L9e4wbMieX8oDT8N7qfVFTQecHFEtkj4ve49VIZ3mKVqw=="],

    "@emnapi/runtime": ["@emnapi/runtime@1.4.1", "", { "dependencies": { "tslib": "^2.4.0" } }, "sha512-LMshMVP0ZhACNjQNYXiU1iZJ6QCcv0lUdPDPugqGvCGXt5xtRVBPdtA0qU12pEXZzpWAhWlZYptfdAFq10DOVQ=="],

    "@emnapi/wasi-threads": ["@emnapi/wasi-threads@1.0.1", "", { "dependencies": { "tslib": "^2.4.0" } }, "sha512-iIBu7mwkq4UQGeMEM8bLwNK962nXdhodeScX4slfQnRhEMMzvYivHhutCIk8uojvmASXXPC2WNEjwxFWk72Oqw=="],

    "@jridgewell/sourcemap-codec": ["@jridgewell/sourcemap-codec@1.5.0", "", {}, "sha512-gv3ZRaISU3fjPAgNsriBRqGWQL6quFx04YMPW/zD8XMLsU32mhCCbfbO6KZFLjvYpCZ8zyDEgqsgf+PwPaM7GQ=="],

    "@napi-rs/wasm-runtime": ["@napi-rs/wasm-runtime@0.2.8", "", { "dependencies": { "@emnapi/core": "^1.4.0", "@emnapi/runtime": "^1.4.0", "@tybys/wasm-util": "^0.9.0" } }, "sha512-OBlgKdX7gin7OIq4fadsjpg+cp2ZphvAIKucHsNfTdJiqdOmOEwQd/bHi0VwNrcw5xpBJyUw6cK/QilCqy1BSg=="],

    "@oxc-parser/binding-darwin-arm64": ["@oxc-parser/binding-darwin-arm64@0.62.0", "", { "os": "darwin", "cpu": "arm64" }, "sha512-p9haXzG2mE0PvfITKY3bTQpwDc+T4H9bG5SC4vp8PbwikmIWGrahASpuO5c2keiahspGTCzqUnl+8PXU/saT/A=="],

    "@oxc-parser/binding-darwin-x64": ["@oxc-parser/binding-darwin-x64@0.62.0", "", { "os": "darwin", "cpu": "x64" }, "sha512-nUFVTz0DcQCtoHL/wiZ3fNPXRIdghDlExRqiEG00J7RprD3L8CtZ1hXwcWOqUNR1I/xWHQCu1ZrRlI30Wb+NCw=="],

    "@oxc-parser/binding-linux-arm-gnueabihf": ["@oxc-parser/binding-linux-arm-gnueabihf@0.62.0", "", { "os": "linux", "cpu": "arm" }, "sha512-fzL/QklCwZRBkPvdr0zBtAFBnksd42xiBMlm0GQi2dIynCDz2IKrc+hq0UZMtqMEjuvr991WOlh0iU6elZDn6g=="],

    "@oxc-parser/binding-linux-arm64-gnu": ["@oxc-parser/binding-linux-arm64-gnu@0.62.0", "", { "os": "linux", "cpu": "arm64" }, "sha512-dgymg4cMO+5hfSUC4zHnNoNIKoasUiaaYZRIs3lhRPFB2ultth4uJTV+iMlBTNtGDSKSs10ennHvm7CBGJVgVg=="],

    "@oxc-parser/binding-linux-arm64-musl": ["@oxc-parser/binding-linux-arm64-musl@0.62.0", "", { "os": "linux", "cpu": "arm64" }, "sha512-sKhAyRsP6DNeFMRevAN28HccFKEO6l3OqC8MuAV+HNzzyzUOKx2HGnYlkLxCmDZ7lyzzl7vA7YRQFBLYXgsWSA=="],

    "@oxc-parser/binding-linux-x64-gnu": ["@oxc-parser/binding-linux-x64-gnu@0.62.0", "", { "os": "linux", "cpu": "x64" }, "sha512-WAPgDelo20F5An0SW8X+0hWVPF7dHKhHwZo5doOt8Dn9NX6nONQCmEDUUPtp/BqISBxRFSH+rZbaENn8GGlBqg=="],

    "@oxc-parser/binding-linux-x64-musl": ["@oxc-parser/binding-linux-x64-musl@0.62.0", "", { "os": "linux", "cpu": "x64" }, "sha512-JJ0WIPVXiuiWmPLKL+W3/OX1O5aDWMoX47eODKdNoM46bTcxIUe+wpHou731WuqhfrwACBi3Bsljn6VsIFPe9A=="],

    "@oxc-parser/binding-wasm32-wasi": ["@oxc-parser/binding-wasm32-wasi@0.62.0", "", { "dependencies": { "@napi-rs/wasm-runtime": "^0.2.8" }, "cpu": "none" }, "sha512-FuGOzv4FJWSBnG9jkCgZysU6ZMTKWHyHXEr40J1HjRnyw58bQ1sPfVmHZusNTSDCXmBlBz0ZuELLTJFHTI3DVQ=="],

    "@oxc-parser/binding-win32-arm64-msvc": ["@oxc-parser/binding-win32-arm64-msvc@0.62.0", "", { "os": "win32", "cpu": "arm64" }, "sha512-3XEM9fgnrC2Eav/csJaAn125bQIgsdAeyksTGq2xnydnomHY9G+/nfIfgS76X/K0TZiyjOOakctwl4vsObDyGA=="],

    "@oxc-parser/binding-win32-x64-msvc": ["@oxc-parser/binding-win32-x64-msvc@0.62.0", "", { "os": "win32", "cpu": "x64" }, "sha512-YbLsb6Z/FS7tNheETyvf6FYhqo/AUipHca9eF5cB4XAdGc+Yt9bcrnwG9g9RGD33nxaMDI1ead2KYAcNeDYzGA=="],

    "@oxc-project/types": ["@oxc-project/types@0.61.2", "", {}, "sha512-rfuwJwvwn9MRthHNXlSo9Eka/u7gC0MhnWAoX3BhE1+rwPOl22nq0K0Y997Hof0tHCOuD7H3/Z8HTfCVhB4c5Q=="],

    "@oxc-resolver/binding-darwin-arm64": ["@oxc-resolver/binding-darwin-arm64@5.2.0", "", { "os": "darwin", "cpu": "arm64" }, "sha512-3v2eS1swAUZ/OPrBpTB5Imn4Xhbz4zKPa/mugnYCAC4pVt/miBQLBNciBRZG8oyHiGmLtjw/qanZC36uB6MITQ=="],

    "@oxc-resolver/binding-darwin-x64": ["@oxc-resolver/binding-darwin-x64@5.2.0", "", { "os": "darwin", "cpu": "x64" }, "sha512-6uhnlZU+CBULQAjcwQ4nerA76xDEvPFtHpTzXhEoitr4a3Ks5H92X4uuLT0C0FW3RfhIVL8Lpp9pLYHN3oAvug=="],

    "@oxc-resolver/binding-freebsd-x64": ["@oxc-resolver/binding-freebsd-x64@5.2.0", "", { "os": "freebsd", "cpu": "x64" }, "sha512-6TCXw/rPnhBLlS/Rg7QHO9lBjwJSbUJMhd9POpVpQEK1S9viEAl8JPdxXuNCEDPJHSmpMrGt6+DTjQxQ5J1kpQ=="],

    "@oxc-resolver/binding-linux-arm-gnueabihf": ["@oxc-resolver/binding-linux-arm-gnueabihf@5.2.0", "", { "os": "linux", "cpu": "arm" }, "sha512-egjFYBKixAjekmiImCYkpwSo0bnZJOieJIc6cXePuCih2R5nFjkS1F8tSlJ18GdRZ1MmYveM6THmIHJCpnDqaQ=="],

    "@oxc-resolver/binding-linux-arm64-gnu": ["@oxc-resolver/binding-linux-arm64-gnu@5.2.0", "", { "os": "linux", "cpu": "arm64" }, "sha512-Cizb3uHnEc2MYZeRnp+BxmDyAKo7szJxbTW4BgPvs+XicYZI0kc/qcZlHRoJImalBqvve+ZObasRqCS1zqub9A=="],

    "@oxc-resolver/binding-linux-arm64-musl": ["@oxc-resolver/binding-linux-arm64-musl@5.2.0", "", { "os": "linux", "cpu": "arm64" }, "sha512-rDiRuIvQXa9MI8oiEbCVnU7dBVDuo74456dN3Bf30/Joz6FVBhYrhoOTxtxH+WgC38qCUWWuBjhFaLRLDLaMRw=="],

    "@oxc-resolver/binding-linux-riscv64-gnu": ["@oxc-resolver/binding-linux-riscv64-gnu@5.2.0", "", { "os": "linux", "cpu": "none" }, "sha512-QRdE2DOO9e4oYzYyf/iRnLiomvs3bRedRTvFHbTAcL0JJfsicLLK4T7J5BP76sVum0QUAVJm+JqgEUmk8ETGXw=="],

    "@oxc-resolver/binding-linux-s390x-gnu": ["@oxc-resolver/binding-linux-s390x-gnu@5.2.0", "", { "os": "linux", "cpu": "s390x" }, "sha512-bD8HDjnEziw1+Y7uowIRI9JaJd6vldLoVXOZaSeBRjofWk8rQOOyxfNTVymIrcmPE8rZZJfkDdGyCnTJP0h9vA=="],

    "@oxc-resolver/binding-linux-x64-gnu": ["@oxc-resolver/binding-linux-x64-gnu@5.2.0", "", { "os": "linux", "cpu": "x64" }, "sha512-eWEHGjkrk4Dsul7Wyt6X9UMxZ+e2zKgpRG2kbSZOQQTXf6ZnU9+lRAyAgf2X1qdLjmH0GT54wIak7fhSsuNWLA=="],

    "@oxc-resolver/binding-linux-x64-musl": ["@oxc-resolver/binding-linux-x64-musl@5.2.0", "", { "os": "linux", "cpu": "x64" }, "sha512-iojrjytDOdg4aWm25ak7qpTQwWj+D7O+duHBL2rQhDxIY1K4eysJwobWck0yzJ6VlONaQF6RLt+YeDpGoKV+ww=="],

    "@oxc-resolver/binding-wasm32-wasi": ["@oxc-resolver/binding-wasm32-wasi@5.2.0", "", { "dependencies": { "@napi-rs/wasm-runtime": "^0.2.8" }, "cpu": "none" }, "sha512-Lgv3HjKUXRa/xMCgBAkwKQcPljAn5IRicjgoPBXGUhghzK/9yF2DTf7aXdVPvRxFKjvcyWtzpzPV2pzYCuBaBA=="],

    "@oxc-resolver/binding-win32-arm64-msvc": ["@oxc-resolver/binding-win32-arm64-msvc@5.2.0", "", { "os": "win32", "cpu": "arm64" }, "sha512-VK5yEOdGbIrb89gUtVIw2IVP4r0rEhiwVLQOD37vZhvrt5iY0FHOTtMz9ZsWI0anZ0swt26U2wRcJYT0/AsBfw=="],

    "@oxc-resolver/binding-win32-x64-msvc": ["@oxc-resolver/binding-win32-x64-msvc@5.2.0", "", { "os": "win32", "cpu": "x64" }, "sha512-BhIcyjr/gTafUrdOhd1EC5H4LeUSKK9uQIG2RSyMMH0Cq1yBacTb1yvLowhP/6e4ncCGByXEkW7sWGowCfSY8A=="],

    "@oxc-transform/binding-darwin-arm64": ["@oxc-transform/binding-darwin-arm64@0.58.1", "", { "os": "darwin", "cpu": "arm64" }, "sha512-iOTmbTaYMrx61Vxh9uvl9PGileR/d98NuaESOVB5FFrN4rcqFs5rGLiRqQm8T87GCCGXyfP3S44glprVS3s/0A=="],

    "@oxc-transform/binding-darwin-x64": ["@oxc-transform/binding-darwin-x64@0.58.1", "", { "os": "darwin", "cpu": "x64" }, "sha512-NdsVLQTw8FJe0Bb0i6Nj7Rtem+vo3ABnHcn08wA8l9mDMZKlrIHWwH6HY9g8P4qvE1jJ1HA/IkqtPU5PQfgv0A=="],

    "@oxc-transform/binding-linux-arm-gnueabihf": ["@oxc-transform/binding-linux-arm-gnueabihf@0.58.1", "", { "os": "linux", "cpu": "arm" }, "sha512-BxL5IBfid1Xp+bSEgELAvq+e/Zfd60tV/0nSaTwXgEAnAvOU8abrAPuiXpciZKNBGZ8R6W2Iy/yDUeiF/IBFiA=="],

    "@oxc-transform/binding-linux-arm64-gnu": ["@oxc-transform/binding-linux-arm64-gnu@0.58.1", "", { "os": "linux", "cpu": "arm64" }, "sha512-HwA3Gsitz/LL+DkPgpHAc6sANTSnInmlq76MV3zf0tw5iMs9kLiQ2W61dM+D9NNwfHvrY3O0uyLR965R/vW11A=="],

    "@oxc-transform/binding-linux-arm64-musl": ["@oxc-transform/binding-linux-arm64-musl@0.58.1", "", { "os": "linux", "cpu": "arm64" }, "sha512-wUkArdXty35Yzl2qc9ECoFOujzMj/XZ0HEZoSAhdw/NkS4CjowNgV06tUvUesmwG3NV8p37hJdT+M7r3u+zH8Q=="],

    "@oxc-transform/binding-linux-x64-gnu": ["@oxc-transform/binding-linux-x64-gnu@0.58.1", "", { "os": "linux", "cpu": "x64" }, "sha512-ED/4ZLRP59TOFsfJ60LEFa7RWKVm8aC+L/0IwDtckNlixk06jy4YyH56RGifJPd6Li2sTaLE0VOVgkJ2cgWEig=="],

    "@oxc-transform/binding-linux-x64-musl": ["@oxc-transform/binding-linux-x64-musl@0.58.1", "", { "os": "linux", "cpu": "x64" }, "sha512-xdlYvnkxe8QL7oWsmir4bZNNwPWMKy8twCLB5UG5rM4/COOhl3APuW1oRDFghhF/0kJHaCYT0KdVtOchFKIHAg=="],

    "@oxc-transform/binding-wasm32-wasi": ["@oxc-transform/binding-wasm32-wasi@0.58.1", "", { "dependencies": { "@napi-rs/wasm-runtime": "^0.2.7" }, "cpu": "none" }, "sha512-rD+riAK0v3MHIFyUo6+xqDEOi/MHVknNaJxWeWuyahn+ZGQC3jBOG0dGVq3x+px8DBqvlfihiDs3tkIDnc6BJQ=="],

    "@oxc-transform/binding-win32-arm64-msvc": ["@oxc-transform/binding-win32-arm64-msvc@0.58.1", "", { "os": "win32", "cpu": "arm64" }, "sha512-jrCOvmabG9TVV/OvO7M3WSXkBX4aZ8RjOwsZEWcMiKeybmUr8E8XHx0YdwzL1M8MSKpdctoHPv1nz3SqM7uo6Q=="],

    "@oxc-transform/binding-win32-x64-msvc": ["@oxc-transform/binding-win32-x64-msvc@0.58.1", "", { "os": "win32", "cpu": "x64" }, "sha512-612E4VNg9wK5cpGjaHjdW+aD3b1w80lps6rsFEsWejGB5nF5OkXS8uZxS1iQE/16JUoFNUcH+3yyqQP7ljdOuA=="],

    "@rolldown/binding-darwin-arm64": ["@rolldown/binding-darwin-arm64@1.0.0-beta.7", "", { "os": "darwin", "cpu": "arm64" }, "sha512-spVRMdG9NotVYfrc94W8zMKEqLFbxm/dzkBjTfKzXMqhyBryo1lwZ14o8xFb3lM/ON/ZUT7laR9y+r6SIUtFrg=="],

    "@rolldown/binding-darwin-x64": ["@rolldown/binding-darwin-x64@1.0.0-beta.7", "", { "os": "darwin", "cpu": "x64" }, "sha512-6d6PicpBNLWJUyGO1b87QOBtQuqL1X9qVugi+kyGcChxW2bL87/CIBAJDu1g3mM62xSzxUitGa2YWRMhMJu2OA=="],

    "@rolldown/binding-freebsd-x64": ["@rolldown/binding-freebsd-x64@1.0.0-beta.7", "", { "os": "freebsd", "cpu": "x64" }, "sha512-RCKUAMUr1+F1wDSUmWUoGimCNAoQ9km5SRIEhrTlCOXe4wv+rY4o07cTaBjehBm+GtT+u0r36SW2gOmikivj9Q=="],

    "@rolldown/binding-linux-arm-gnueabihf": ["@rolldown/binding-linux-arm-gnueabihf@1.0.0-beta.7", "", { "os": "linux", "cpu": "arm" }, "sha512-SRGp4RaUC2oFZTDtLSRePWWE5F4C5vrlsr/a3+/mBlBVUdSrB7341hqAEcezW3YYHQOT/j9CPXu2NULENSywwQ=="],

    "@rolldown/binding-linux-arm64-gnu": ["@rolldown/binding-linux-arm64-gnu@1.0.0-beta.7", "", { "os": "linux", "cpu": "arm64" }, "sha512-q6Szr5o54lJWir2uYxwxDoOUdSCrA2Nb8sKqQRnJHP9985o0uxeq85LKvMubFRgTKq9Q71ZZPrZBs7pwr4ji1Q=="],

    "@rolldown/binding-linux-arm64-musl": ["@rolldown/binding-linux-arm64-musl@1.0.0-beta.7", "", { "os": "linux", "cpu": "arm64" }, "sha512-MiEE4ReEw7jdxKE8eKTdt3z7N1sucgSb1J0BUY3Dd8YKLjh2jNYHhJu13/tCo2DBMZxT+FDJE3WJ5kCxZA7+YA=="],

    "@rolldown/binding-linux-x64-gnu": ["@rolldown/binding-linux-x64-gnu@1.0.0-beta.7", "", { "os": "linux", "cpu": "x64" }, "sha512-2yDNUKQidgcZr/VSJCUy9IGvtcF/GfBEBrCsqvSkVKMNLNySICvybAwKtCNPeZSOwf875CWnnyKNeg5vwV6rMg=="],

    "@rolldown/binding-linux-x64-musl": ["@rolldown/binding-linux-x64-musl@1.0.0-beta.7", "", { "os": "linux", "cpu": "x64" }, "sha512-72LjHkY9Sqav35qopNh4fabhSsqKWmOwMtjmrNgONTtC5LhALjNZlaXkAaFvQRJ8N7ftT8BOITzaZeqrF6BYdg=="],

    "@rolldown/binding-wasm32-wasi": ["@rolldown/binding-wasm32-wasi@1.0.0-beta.7", "", { "dependencies": { "@napi-rs/wasm-runtime": "^0.2.4" }, "cpu": "none" }, "sha512-sR8q2p3j5ZCkFWPbm6LUIYE7SHfmrVqXu0n4CFpzmAM95pDhFRx8SzT/oL5tkFN+mCdnPpzcvpn9OioVXQ8CxA=="],

    "@rolldown/binding-win32-arm64-msvc": ["@rolldown/binding-win32-arm64-msvc@1.0.0-beta.7", "", { "os": "win32", "cpu": "arm64" }, "sha512-eeSNGdZt01NelYGl5LZc3cSwN4iYG5XE8zMqkILErfW6ndpc74DKeDWI0aG8jmtjz5VerLA4B9DzOkhuFj4lNg=="],

    "@rolldown/binding-win32-ia32-msvc": ["@rolldown/binding-win32-ia32-msvc@1.0.0-beta.7", "", { "os": "win32", "cpu": "ia32" }, "sha512-d7Uhs3LWirrE4+TRa2N25AqrZaZjYZdOrKSYbZFMF42tFkWIgGWPCQouTqjMgjVGX0feJpF7+9dwVhjZFzZbYA=="],

    "@rolldown/binding-win32-x64-msvc": ["@rolldown/binding-win32-x64-msvc@1.0.0-beta.7", "", { "os": "win32", "cpu": "x64" }, "sha512-Z3P1JHx+U7Sr73v5wJtEygxboF2VR9ds4eSAgFfslhIxFI48FFm+WEMeuLLeqnx0tiq1UL6cIIg5+h3mlaG6UA=="],

    "@silver-utils/rest-client": ["@silver-utils/rest-client@workspace:packages/rest-client"],

    "@silver-utils/tag-cache": ["@silver-utils/tag-cache@workspace:packages/tag-cache"],

    "@tybys/wasm-util": ["@tybys/wasm-util@0.9.0", "", { "dependencies": { "tslib": "^2.4.0" } }, "sha512-6+7nlbMVX/PVDCwaIQ8nTOPveOcFLSt8GcXdx8hD0bt39uWxYT88uXzqTd4fTvqta7oeUJqudepapKNt2DYJFw=="],

    "@types/bun": ["@types/bun@1.2.9", "", { "dependencies": { "bun-types": "1.2.9" } }, "sha512-epShhLGQYc4Bv/aceHbmBhOz1XgUnuTZgcxjxk+WXwNyDXavv5QHD1QEFV0FwbTSQtNq6g4ZcV6y0vZakTjswg=="],

    "@types/node": ["@types/node@22.13.10", "", { "dependencies": { "undici-types": "~6.20.0" } }, "sha512-I6LPUvlRH+O6VRUqYOcMudhaIdUVWfsjnZavnsraHvpBwaEyMN29ry+0UVJhImYL16xsscu0aske3yA+uPOWfw=="],

    "@types/ws": ["@types/ws@8.5.14", "", { "dependencies": { "@types/node": "*" } }, "sha512-bd/YFLW+URhBzMXurx7lWByOu+xzU9+kb3RboOteXYDfW+tr+JZa99OyNmPINEGB/ahzKrEuc8rcv4gnpJmxTw=="],

    "@valibot/to-json-schema": ["@valibot/to-json-schema@1.0.0", "", { "peerDependencies": { "valibot": "^1.0.0" } }, "sha512-/9crJgPptVsGCL6X+JPDQyaJwkalSZ/52WuF8DiRUxJgcmpNdzYRfZ+gqMEP8W3CTVfuMWPqqvIgfwJ97f9Etw=="],

    "@zod/core": ["@zod/core@0.5.0", "", {}, "sha512-9EW5fOng5558DM68WmVtecPzHuROdB5AcBVOBVqtPIup1quYRxxzwzT9+BPNX5Pr+so0wP/Hxv8+pCrBbjKQeg=="],

    "bun-types": ["bun-types@1.2.9", "", { "dependencies": { "@types/node": "*", "@types/ws": "*" } }, "sha512-dk/kOEfQbajENN/D6FyiSgOKEuUi9PWfqKQJEgwKrCMWbjS/S6tEXp178mWvWAcUSYm9ArDlWHZKO3T/4cLXiw=="],

    "bunup": ["bunup@0.4.15", "", { "dependencies": { "chokidar": "^4.0.3", "coffi": "^0.1.20", "oxc-resolver": "^5.0.1", "oxc-transform": "^0.58.1", "rolldown": "1.0.0-beta.7", "rolldown-plugin-dts": "^0.4.0" }, "peerDependencies": { "typescript": ">=4.5.0" }, "optionalPeers": ["typescript"], "bin": { "bunup": "build/cli.mjs" } }, "sha512-nCCq1hfFxshmXKnqrBGc5j6vJb07ZHa2r8BUO0XS6gy+CNMWgrWa+M6qwDTDhRfFfPfPct8z4KPxS9mxbpeJTA=="],

    "chokidar": ["chokidar@4.0.3", "", { "dependencies": { "readdirp": "^4.0.1" } }, "sha512-Qgzu8kfBvo+cA4962jnP1KkS6Dop5NS6g7R5LFYJr4b8Ub94PPQXUksCw9PvXoeXPRRddRNC5C1JQUR2SMGtnA=="],

    "coffi": ["coffi@0.1.20", "", {}, "sha512-K1gRtYHPohWrQNfFqafWlFzJciFNfKnzJkdZbH30zmjnnDlG9q/d2i4cXeMD1jeXDu0ByD+A+V9CDedRAJSmsw=="],

    "dts-resolver": ["dts-resolver@0.1.1", "", { "dependencies": { "oxc-resolver": "^5.2.0", "pathe": "^2.0.3" } }, "sha512-Pj0AEP6US2fH1kwYAUHPh5f8XBawGKr25PGzCRnCQne/MW9CvFczL4u++FC8+jO0ZtquRy4J512FJca4zH39rg=="],

    "magic-string": ["magic-string@0.30.17", "", { "dependencies": { "@jridgewell/sourcemap-codec": "^1.5.0" } }, "sha512-sNPKHvyjVf7gyjwS4xGTaW/mCnF8wnjtifKBEhxfZ7E/S8tQ0rssrwGNn6q8JH/ohItJfSQp9mBtQYuTlH5QnA=="],

    "magic-string-ast": ["magic-string-ast@0.9.1", "", { "dependencies": { "magic-string": "^0.30.17" } }, "sha512-18dv2ZlSSgJ/jDWlZGKfnDJx56ilNlYq9F7NnwuWTErsmYmqJ2TWE4l1o2zlUHBYUGBy3tIhPCC1gxq8M5HkMA=="],

    "oxc-parser": ["oxc-parser@0.62.0", "", { "dependencies": { "@oxc-project/types": "^0.62.0" }, "optionalDependencies": { "@oxc-parser/binding-darwin-arm64": "0.62.0", "@oxc-parser/binding-darwin-x64": "0.62.0", "@oxc-parser/binding-linux-arm-gnueabihf": "0.62.0", "@oxc-parser/binding-linux-arm64-gnu": "0.62.0", "@oxc-parser/binding-linux-arm64-musl": "0.62.0", "@oxc-parser/binding-linux-x64-gnu": "0.62.0", "@oxc-parser/binding-linux-x64-musl": "0.62.0", "@oxc-parser/binding-wasm32-wasi": "0.62.0", "@oxc-parser/binding-win32-arm64-msvc": "0.62.0", "@oxc-parser/binding-win32-x64-msvc": "0.62.0" } }, "sha512-WwSVsS8e7KH8an4rQJJZuO2QiIxNA0ryPESmmdxy1KYRSKEscyBgbIGGv2lCWy3uTksQtAjB2s2YAohESfrfOQ=="],

    "oxc-resolver": ["oxc-resolver@5.2.0", "", { "optionalDependencies": { "@oxc-resolver/binding-darwin-arm64": "5.2.0", "@oxc-resolver/binding-darwin-x64": "5.2.0", "@oxc-resolver/binding-freebsd-x64": "5.2.0", "@oxc-resolver/binding-linux-arm-gnueabihf": "5.2.0", "@oxc-resolver/binding-linux-arm64-gnu": "5.2.0", "@oxc-resolver/binding-linux-arm64-musl": "5.2.0", "@oxc-resolver/binding-linux-riscv64-gnu": "5.2.0", "@oxc-resolver/binding-linux-s390x-gnu": "5.2.0", "@oxc-resolver/binding-linux-x64-gnu": "5.2.0", "@oxc-resolver/binding-linux-x64-musl": "5.2.0", "@oxc-resolver/binding-wasm32-wasi": "5.2.0", "@oxc-resolver/binding-win32-arm64-msvc": "5.2.0", "@oxc-resolver/binding-win32-x64-msvc": "5.2.0" } }, "sha512-ce0rdG5Y0s1jhcvh2Zc6sD+fTw/WA4pUKWrPmjbniZjC/m6pPob2I2Pkz8T0YzdWsbAC98E00Bc7KNB1B6Tolg=="],

    "oxc-transform": ["oxc-transform@0.58.1", "", { "optionalDependencies": { "@oxc-transform/binding-darwin-arm64": "0.58.1", "@oxc-transform/binding-darwin-x64": "0.58.1", "@oxc-transform/binding-linux-arm-gnueabihf": "0.58.1", "@oxc-transform/binding-linux-arm64-gnu": "0.58.1", "@oxc-transform/binding-linux-arm64-musl": "0.58.1", "@oxc-transform/binding-linux-x64-gnu": "0.58.1", "@oxc-transform/binding-linux-x64-musl": "0.58.1", "@oxc-transform/binding-wasm32-wasi": "0.58.1", "@oxc-transform/binding-win32-arm64-msvc": "0.58.1", "@oxc-transform/binding-win32-x64-msvc": "0.58.1" } }, "sha512-xOG65Wi5Zp6MO8W4O3jyffWVhKLzqSgtfCC/W207dRLV4wkHyWuzoCgkiy/PUe1NqhC6SkiM603WspNS0AsOZg=="],

    "pathe": ["pathe@2.0.3", "", {}, "sha512-WUjGcAqP1gQacoQe+OBJsFA7Ld4DyXuUIjZ5cc75cLHvJ7dtNsTugphxIADwspS+AraAUePCKrSVtPLFj/F88w=="],

    "playground": ["playground@workspace:playground"],

    "readdirp": ["readdirp@4.1.2", "", {}, "sha512-GDhwkLfywWL2s6vEjyhri+eXmfH6j1L7JE27WhqLeYzoh/A3DBaYGEj2H/HFZCn/kMfim73FXxEJTw06WtxQwg=="],

    "rolldown": ["rolldown@1.0.0-beta.7", "", { "dependencies": { "@oxc-project/types": "0.61.2", "@valibot/to-json-schema": "1.0.0", "valibot": "1.0.0" }, "optionalDependencies": { "@rolldown/binding-darwin-arm64": "1.0.0-beta.7", "@rolldown/binding-darwin-x64": "1.0.0-beta.7", "@rolldown/binding-freebsd-x64": "1.0.0-beta.7", "@rolldown/binding-linux-arm-gnueabihf": "1.0.0-beta.7", "@rolldown/binding-linux-arm64-gnu": "1.0.0-beta.7", "@rolldown/binding-linux-arm64-musl": "1.0.0-beta.7", "@rolldown/binding-linux-x64-gnu": "1.0.0-beta.7", "@rolldown/binding-linux-x64-musl": "1.0.0-beta.7", "@rolldown/binding-wasm32-wasi": "1.0.0-beta.7", "@rolldown/binding-win32-arm64-msvc": "1.0.0-beta.7", "@rolldown/binding-win32-ia32-msvc": "1.0.0-beta.7", "@rolldown/binding-win32-x64-msvc": "1.0.0-beta.7" }, "peerDependencies": { "@oxc-project/runtime": "0.61.2" }, "optionalPeers": ["@oxc-project/runtime"], "bin": { "rolldown": "bin/cli.js" } }, "sha512-IUa/9lZVqgFilYggiY7jxUbmvU4Q8wVvVqsru+AeMldBccBEhTYZ6/XP6cWsznb8Fv49zfYGaeEpJ5WeVdo6Mg=="],

    "rolldown-plugin-dts": ["rolldown-plugin-dts@0.4.0", "", { "dependencies": { "dts-resolver": "^0.1.0", "magic-string-ast": "^0.9.1", "oxc-parser": "^0.62.0", "oxc-transform": "^0.62.0" }, "peerDependencies": { "rolldown": "^1.0.0-beta.7" } }, "sha512-+l8WEj5QY4Ds9FdRrY+bK0OGkqHclC4tFrevtLuiUidvYHvvpoTwb2oVXR7wEVqCg1vKkc0m7wr1D1hw+yPfUg=="],

    "tslib": ["tslib@2.8.1", "", {}, "sha512-oJFu94HQb+KVduSUQL7wnpmqnfmLsOA/nAh6b6EH0wCEoK0/mPeXU6c3wKDV83MkOuHPRHtSXKKU99IBazS/2w=="],

    "typescript": ["typescript@5.8.3", "", { "bin": { "tsc": "bin/tsc", "tsserver": "bin/tsserver" } }, "sha512-p1diW6TqL9L07nNxvRMM7hMMw4c5XOo/1ibL4aAIGmSAt9slTE1Xgw5KWuof2uTOvCg9BY7ZRi+GaF+7sfgPeQ=="],

    "undici-types": ["undici-types@6.20.0", "", {}, "sha512-Ny6QZ2Nju20vw1SRHe3d9jVu6gJ+4e3+MMpqu7pqE5HT6WsTSlce++GQmK5UXS8mzV8DSYHrQH+Xrf2jVcuKNg=="],

    "valibot": ["valibot@1.0.0", "", { "peerDependencies": { "typescript": ">=5" }, "optionalPeers": ["typescript"] }, "sha512-1Hc0ihzWxBar6NGeZv7fPLY0QuxFMyxwYR2sF1Blu7Wq7EnremwY2W02tit2ij2VJT8HcSkHAQqmFfl77f73Yw=="],

    "zod": ["zod@4.0.0-beta.20250414T061543", "", { "dependencies": { "@zod/core": "0.5.0" } }, "sha512-1X7/cVHAWBt9jEIIg2Q2GFEApZy1VYe+YBxsjwVMmDZfMvn09CylsKLGZtfjZ/cwYrJha0OIWOh+MouaOj3Zdg=="],

    "oxc-parser/@oxc-project/types": ["@oxc-project/types@0.62.0", "", {}, "sha512-rC3YQjrntGvg8vkHHKaiFqZFBCDU/F3BPfokssD02q5Sn4dSZGYzJVdojqYIEFECpEMEqKBxqIRmVex1+WXI5w=="],

    "rolldown-plugin-dts/oxc-transform": ["oxc-transform@0.62.0", "", { "optionalDependencies": { "@oxc-transform/binding-darwin-arm64": "0.62.0", "@oxc-transform/binding-darwin-x64": "0.62.0", "@oxc-transform/binding-linux-arm-gnueabihf": "0.62.0", "@oxc-transform/binding-linux-arm64-gnu": "0.62.0", "@oxc-transform/binding-linux-arm64-musl": "0.62.0", "@oxc-transform/binding-linux-x64-gnu": "0.62.0", "@oxc-transform/binding-linux-x64-musl": "0.62.0", "@oxc-transform/binding-wasm32-wasi": "0.62.0", "@oxc-transform/binding-win32-arm64-msvc": "0.62.0", "@oxc-transform/binding-win32-x64-msvc": "0.62.0" } }, "sha512-4aycc3KlhwtUj1DVrFWGvfvX0OI6CmSkaPfhox4eY5UNknxZ0WSvj9p3NZIw8wPZiT6uj/acV3LcdO2o8HcSHQ=="],

    "rolldown-plugin-dts/oxc-transform/@oxc-transform/binding-darwin-arm64": ["@oxc-transform/binding-darwin-arm64@0.62.0", "", { "os": "darwin", "cpu": "arm64" }, "sha512-aUD548g1WJKk+hUPxMDPr2yfvMSGp6M0B1KjORYxdQSI70Fsi3SCmtDmmPNVWsuuugkeCDjqceFr56uYMMrBog=="],

    "rolldown-plugin-dts/oxc-transform/@oxc-transform/binding-darwin-x64": ["@oxc-transform/binding-darwin-x64@0.62.0", "", { "os": "darwin", "cpu": "x64" }, "sha512-Ocxqqm9a+QEgIf/AOE0MRYkgVC7ZWehAonG2YNBp/qnX8rrKGQ12oYpoQA1QJ5sVTr5kF4NgttjpTzKqJ3mKuw=="],

    "rolldown-plugin-dts/oxc-transform/@oxc-transform/binding-linux-arm-gnueabihf": ["@oxc-transform/binding-linux-arm-gnueabihf@0.62.0", "", { "os": "linux", "cpu": "arm" }, "sha512-4z8LniTGjccnJVY7hS8pmh3gswPNmeeMVmvZpIzd1gaUwL6ZVWUuDHGGAAfjsOYzHruzw73HUvRPmfTDDie0lw=="],

    "rolldown-plugin-dts/oxc-transform/@oxc-transform/binding-linux-arm64-gnu": ["@oxc-transform/binding-linux-arm64-gnu@0.62.0", "", { "os": "linux", "cpu": "arm64" }, "sha512-zdsTHhkUOSfHhyxJed1SpP8qccKODwQdQMcB8yFvVIoVX3re0qqTRy2aYxofeMTdT9HCqmX7hUXmy1bFYqAQJA=="],

    "rolldown-plugin-dts/oxc-transform/@oxc-transform/binding-linux-arm64-musl": ["@oxc-transform/binding-linux-arm64-musl@0.62.0", "", { "os": "linux", "cpu": "arm64" }, "sha512-NoM2Ymf0oKBlxu1DFjBQ7fAAz92JQ1MgbLT6apR2UCmOn7xIZAiyYloyXM43qDf6nTOAs3zmH6kNcEPZ8KaDrg=="],

    "rolldown-plugin-dts/oxc-transform/@oxc-transform/binding-linux-x64-gnu": ["@oxc-transform/binding-linux-x64-gnu@0.62.0", "", { "os": "linux", "cpu": "x64" }, "sha512-ltHIWB0eBT5iDt9hvC6LI90JV7DVbUdXzCjuNzUl/qcXXpKKLFjuRUuAs0npg3B+bsw75N2UKdwJ+E+mGf+D9A=="],

    "rolldown-plugin-dts/oxc-transform/@oxc-transform/binding-linux-x64-musl": ["@oxc-transform/binding-linux-x64-musl@0.62.0", "", { "os": "linux", "cpu": "x64" }, "sha512-PODsXb/+a/380bdoJVruJSNuRm362b2fqgoRcQyDliIYVIlyNjhuRluNnXZt3Rcn+NMJuD6bR4UNDGIQawoaEg=="],

    "rolldown-plugin-dts/oxc-transform/@oxc-transform/binding-wasm32-wasi": ["@oxc-transform/binding-wasm32-wasi@0.62.0", "", { "dependencies": { "@napi-rs/wasm-runtime": "^0.2.8" }, "cpu": "none" }, "sha512-1Ws06cA9bm7sNTUopUJWVhWx+fimKaazjTCIARHJDkJZZLCBuUOFOLzThqVmu0go0D8PXYA9IVe1caqSVjoHYg=="],

    "rolldown-plugin-dts/oxc-transform/@oxc-transform/binding-win32-arm64-msvc": ["@oxc-transform/binding-win32-arm64-msvc@0.62.0", "", { "os": "win32", "cpu": "arm64" }, "sha512-D1HFN2aNm/bkgBLRgvadq12/eMIRe3NgxH2sSQk+AZcorS8vqrHXv6lhiKMEyQTT1nCzr1RzvWDflHwCxoUfqg=="],

    "rolldown-plugin-dts/oxc-transform/@oxc-transform/binding-win32-x64-msvc": ["@oxc-transform/binding-win32-x64-msvc@0.62.0", "", { "os": "win32", "cpu": "x64" }, "sha512-3koMjqUz+LMRtAWBBsg50rsyNxKqpsN2Ft5NzcK+dsMN8dxq1vdMU7TaXdPSriY1buOPOAiqAEeGgdQRjoIBbQ=="],
  }
}
